// !$*UTF8*$!
{
	archiveVersion = 1;
	classes = {
	};
	objectVersion = 50;
	objects = {

/* Begin PBXBuildFile section */
		44129A352454941700A4A6E7 /* ImageFileManager.swift in Sources */ = {isa = PBXBuildFile; fileRef = 44129A342454941700A4A6E7 /* ImageFileManager.swift */; };
		44129A3C245719BC00A4A6E7 /* WebViewController.swift in Sources */ = {isa = PBXBuildFile; fileRef = 44129A3B245719BC00A4A6E7 /* WebViewController.swift */; };
		44129A4024573F9B00A4A6E7 /* LoginButton.swift in Sources */ = {isa = PBXBuildFile; fileRef = 44129A3F24573F9B00A4A6E7 /* LoginButton.swift */; };
		4449274F2458016D00B8F1D5 /* BadgeStackView.swift in Sources */ = {isa = PBXBuildFile; fileRef = 4449274E2458016D00B8F1D5 /* BadgeStackView.swift */; };
		444927512458295B00B8F1D5 /* PreviewScrollView.swift in Sources */ = {isa = PBXBuildFile; fileRef = 444927502458295B00B8F1D5 /* PreviewScrollView.swift */; };
		444927532458297400B8F1D5 /* DetailStackView.swift in Sources */ = {isa = PBXBuildFile; fileRef = 444927522458297400B8F1D5 /* DetailStackView.swift */; };
		445282FC244EE7BD0077384D /* MenuTableViewCell.swift in Sources */ = {isa = PBXBuildFile; fileRef = 445282FB244EE7BD0077384D /* MenuTableViewCell.swift */; };
		44528304244F23ED0077384D /* DescriptionViewController.swift in Sources */ = {isa = PBXBuildFile; fileRef = 44528303244F23ED0077384D /* DescriptionViewController.swift */; };
		4460EE7824533F9700EECE13 /* SideDishUseCase.swift in Sources */ = {isa = PBXBuildFile; fileRef = 4460EE7724533F9700EECE13 /* SideDishUseCase.swift */; };
		44A62128244DA6F8000EC9D3 /* AppDelegate.swift in Sources */ = {isa = PBXBuildFile; fileRef = 44A62127244DA6F8000EC9D3 /* AppDelegate.swift */; };
		44A6212A244DA6F8000EC9D3 /* SceneDelegate.swift in Sources */ = {isa = PBXBuildFile; fileRef = 44A62129244DA6F8000EC9D3 /* SceneDelegate.swift */; };
		44A6212C244DA6F8000EC9D3 /* MainViewController.swift in Sources */ = {isa = PBXBuildFile; fileRef = 44A6212B244DA6F8000EC9D3 /* MainViewController.swift */; };
		44A6212F244DA6F8000EC9D3 /* Main.storyboard in Resources */ = {isa = PBXBuildFile; fileRef = 44A6212D244DA6F8000EC9D3 /* Main.storyboard */; };
		44A62131244DA6F9000EC9D3 /* Assets.xcassets in Resources */ = {isa = PBXBuildFile; fileRef = 44A62130244DA6F9000EC9D3 /* Assets.xcassets */; };
		44A62134244DA6F9000EC9D3 /* LaunchScreen.storyboard in Resources */ = {isa = PBXBuildFile; fileRef = 44A62132244DA6F9000EC9D3 /* LaunchScreen.storyboard */; };
		44C5AB10244DD63A00011691 /* KeywordLabel.swift in Sources */ = {isa = PBXBuildFile; fileRef = 44C5AB0F244DD63A00011691 /* KeywordLabel.swift */; };
		44C5AB14244DD68B00011691 /* MenuSectionHeader.swift in Sources */ = {isa = PBXBuildFile; fileRef = 44C5AB13244DD68B00011691 /* MenuSectionHeader.swift */; };
		44DE3E4724506BD1007C5AA8 /* SideDish.swift in Sources */ = {isa = PBXBuildFile; fileRef = 44DE3E4624506BD1007C5AA8 /* SideDish.swift */; };
		44DE3E4924506F9E007C5AA8 /* NetworkManager.swift in Sources */ = {isa = PBXBuildFile; fileRef = 44DE3E4824506F9E007C5AA8 /* NetworkManager.swift */; };
		44DE3E4B2451D232007C5AA8 /* DataManager.swift in Sources */ = {isa = PBXBuildFile; fileRef = 44DE3E4A2451D232007C5AA8 /* DataManager.swift */; };
		44DE3E4D2451E0BF007C5AA8 /* MenuTableViewDataSource.swift in Sources */ = {isa = PBXBuildFile; fileRef = 44DE3E4C2451E0BF007C5AA8 /* MenuTableViewDataSource.swift */; };
		44DE3E4F2451E22A007C5AA8 /* PriceLabel.swift in Sources */ = {isa = PBXBuildFile; fileRef = 44DE3E4E2451E22A007C5AA8 /* PriceLabel.swift */; };
/* End PBXBuildFile section */

/* Begin PBXFileReference section */
		44129A342454941700A4A6E7 /* ImageFileManager.swift */ = {isa = PBXFileReference; lastKnownFileType = sourcecode.swift; path = ImageFileManager.swift; sourceTree = "<group>"; };
		44129A3B245719BC00A4A6E7 /* WebViewController.swift */ = {isa = PBXFileReference; lastKnownFileType = sourcecode.swift; path = WebViewController.swift; sourceTree = "<group>"; };
		44129A3F24573F9B00A4A6E7 /* LoginButton.swift */ = {isa = PBXFileReference; lastKnownFileType = sourcecode.swift; path = LoginButton.swift; sourceTree = "<group>"; };
		4449274E2458016D00B8F1D5 /* BadgeStackView.swift */ = {isa = PBXFileReference; lastKnownFileType = sourcecode.swift; path = BadgeStackView.swift; sourceTree = "<group>"; };
		444927502458295B00B8F1D5 /* PreviewScrollView.swift */ = {isa = PBXFileReference; lastKnownFileType = sourcecode.swift; path = PreviewScrollView.swift; sourceTree = "<group>"; };
		444927522458297400B8F1D5 /* DetailStackView.swift */ = {isa = PBXFileReference; lastKnownFileType = sourcecode.swift; path = DetailStackView.swift; sourceTree = "<group>"; };
		445282FB244EE7BD0077384D /* MenuTableViewCell.swift */ = {isa = PBXFileReference; lastKnownFileType = sourcecode.swift; path = MenuTableViewCell.swift; sourceTree = "<group>"; };
		44528303244F23ED0077384D /* DescriptionViewController.swift */ = {isa = PBXFileReference; lastKnownFileType = sourcecode.swift; path = DescriptionViewController.swift; sourceTree = "<group>"; };
		4460EE7724533F9700EECE13 /* SideDishUseCase.swift */ = {isa = PBXFileReference; lastKnownFileType = sourcecode.swift; path = SideDishUseCase.swift; sourceTree = "<group>"; };
		44A62124244DA6F8000EC9D3 /* SideDish.app */ = {isa = PBXFileReference; explicitFileType = wrapper.application; includeInIndex = 0; path = SideDish.app; sourceTree = BUILT_PRODUCTS_DIR; };
		44A62127244DA6F8000EC9D3 /* AppDelegate.swift */ = {isa = PBXFileReference; lastKnownFileType = sourcecode.swift; path = AppDelegate.swift; sourceTree = "<group>"; };
		44A62129244DA6F8000EC9D3 /* SceneDelegate.swift */ = {isa = PBXFileReference; lastKnownFileType = sourcecode.swift; path = SceneDelegate.swift; sourceTree = "<group>"; };
		44A6212B244DA6F8000EC9D3 /* MainViewController.swift */ = {isa = PBXFileReference; lastKnownFileType = sourcecode.swift; path = MainViewController.swift; sourceTree = "<group>"; };
		44A6212E244DA6F8000EC9D3 /* Base */ = {isa = PBXFileReference; lastKnownFileType = file.storyboard; name = Base; path = Base.lproj/Main.storyboard; sourceTree = "<group>"; };
		44A62130244DA6F9000EC9D3 /* Assets.xcassets */ = {isa = PBXFileReference; lastKnownFileType = folder.assetcatalog; path = Assets.xcassets; sourceTree = "<group>"; };
		44A62133244DA6F9000EC9D3 /* Base */ = {isa = PBXFileReference; lastKnownFileType = file.storyboard; name = Base; path = Base.lproj/LaunchScreen.storyboard; sourceTree = "<group>"; };
		44A62135244DA6F9000EC9D3 /* Info.plist */ = {isa = PBXFileReference; lastKnownFileType = text.plist.xml; path = Info.plist; sourceTree = "<group>"; };
		44C5AB0F244DD63A00011691 /* KeywordLabel.swift */ = {isa = PBXFileReference; lastKnownFileType = sourcecode.swift; path = KeywordLabel.swift; sourceTree = "<group>"; };
		44C5AB13244DD68B00011691 /* MenuSectionHeader.swift */ = {isa = PBXFileReference; lastKnownFileType = sourcecode.swift; path = MenuSectionHeader.swift; sourceTree = "<group>"; };
		44DE3E4624506BD1007C5AA8 /* SideDish.swift */ = {isa = PBXFileReference; lastKnownFileType = sourcecode.swift; path = SideDish.swift; sourceTree = "<group>"; };
		44DE3E4824506F9E007C5AA8 /* NetworkManager.swift */ = {isa = PBXFileReference; lastKnownFileType = sourcecode.swift; path = NetworkManager.swift; sourceTree = "<group>"; };
		44DE3E4A2451D232007C5AA8 /* DataManager.swift */ = {isa = PBXFileReference; lastKnownFileType = sourcecode.swift; path = DataManager.swift; sourceTree = "<group>"; };
		44DE3E4C2451E0BF007C5AA8 /* MenuTableViewDataSource.swift */ = {isa = PBXFileReference; lastKnownFileType = sourcecode.swift; path = MenuTableViewDataSource.swift; sourceTree = "<group>"; };
		44DE3E4E2451E22A007C5AA8 /* PriceLabel.swift */ = {isa = PBXFileReference; lastKnownFileType = sourcecode.swift; path = PriceLabel.swift; sourceTree = "<group>"; };
/* End PBXFileReference section */

/* Begin PBXFrameworksBuildPhase section */
		44A62121244DA6F8000EC9D3 /* Frameworks */ = {
			isa = PBXFrameworksBuildPhase;
			buildActionMask = 2147483647;
			files = (
			);
			runOnlyForDeploymentPostprocessing = 0;
		};
/* End PBXFrameworksBuildPhase section */

/* Begin PBXGroup section */
		44129A3A245719B200A4A6E7 /* Login */ = {
			isa = PBXGroup;
			children = (
				44129A3B245719BC00A4A6E7 /* WebViewController.swift */,
				44129A3F24573F9B00A4A6E7 /* LoginButton.swift */,
			);
			path = Login;
			sourceTree = "<group>";
		};
		4449275424582A4400B8F1D5 /* View */ = {
			isa = PBXGroup;
			children = (
				444927502458295B00B8F1D5 /* PreviewScrollView.swift */,
				444927522458297400B8F1D5 /* DetailStackView.swift */,
			);
			path = View;
			sourceTree = "<group>";
		};
		445282FD244F18EB0077384D /* MainScene */ = {
			isa = PBXGroup;
			children = (
				44A6212B244DA6F8000EC9D3 /* MainViewController.swift */,
				44DE3E4C2451E0BF007C5AA8 /* MenuTableViewDataSource.swift */,
				445282FE244F190F0077384D /* View */,
			);
			path = MainScene;
			sourceTree = "<group>";
		};
		445282FE244F190F0077384D /* View */ = {
			isa = PBXGroup;
			children = (
				44C5AB13244DD68B00011691 /* MenuSectionHeader.swift */,
				445282FB244EE7BD0077384D /* MenuTableViewCell.swift */,
				4449274E2458016D00B8F1D5 /* BadgeStackView.swift */,
				44DE3E4E2451E22A007C5AA8 /* PriceLabel.swift */,
				44C5AB0F244DD63A00011691 /* KeywordLabel.swift */,
			);
			path = View;
			sourceTree = "<group>";
		};
		44528302244F23CC0077384D /* DescriptionScene */ = {
			isa = PBXGroup;
			children = (
				44528303244F23ED0077384D /* DescriptionViewController.swift */,
				4449275424582A4400B8F1D5 /* View */,
			);
			path = DescriptionScene;
			sourceTree = "<group>";
		};
		44A6211B244DA6F8000EC9D3 = {
			isa = PBXGroup;
			children = (
				44A62126244DA6F8000EC9D3 /* SideDish */,
				44A62125244DA6F8000EC9D3 /* Products */,
			);
			sourceTree = "<group>";
		};
		44A62125244DA6F8000EC9D3 /* Products */ = {
			isa = PBXGroup;
			children = (
				44A62124244DA6F8000EC9D3 /* SideDish.app */,
			);
			name = Products;
			sourceTree = "<group>";
		};
		44A62126244DA6F8000EC9D3 /* SideDish */ = {
			isa = PBXGroup;
			children = (
				44A62127244DA6F8000EC9D3 /* AppDelegate.swift */,
				44A62129244DA6F8000EC9D3 /* SceneDelegate.swift */,
				44DE3E4524506BC2007C5AA8 /* Model */,
				44129A3A245719B200A4A6E7 /* Login */,
				445282FD244F18EB0077384D /* MainScene */,
				44528302244F23CC0077384D /* DescriptionScene */,
				44A6212D244DA6F8000EC9D3 /* Main.storyboard */,
				44A62130244DA6F9000EC9D3 /* Assets.xcassets */,
				44A62132244DA6F9000EC9D3 /* LaunchScreen.storyboard */,
				44A62135244DA6F9000EC9D3 /* Info.plist */,
			);
			path = SideDish;
			sourceTree = "<group>";
		};
		44DE3E4524506BC2007C5AA8 /* Model */ = {
			isa = PBXGroup;
			children = (
				44DE3E4624506BD1007C5AA8 /* SideDish.swift */,
				44DE3E4824506F9E007C5AA8 /* NetworkManager.swift */,
				4460EE7724533F9700EECE13 /* SideDishUseCase.swift */,
				44DE3E4A2451D232007C5AA8 /* DataManager.swift */,
				44129A342454941700A4A6E7 /* ImageFileManager.swift */,
			);
			path = Model;
			sourceTree = "<group>";
		};
/* End PBXGroup section */

/* Begin PBXNativeTarget section */
		44A62123244DA6F8000EC9D3 /* SideDish */ = {
			isa = PBXNativeTarget;
			buildConfigurationList = 44A62138244DA6F9000EC9D3 /* Build configuration list for PBXNativeTarget "SideDish" */;
			buildPhases = (
				44A62120244DA6F8000EC9D3 /* Sources */,
				44A62121244DA6F8000EC9D3 /* Frameworks */,
				44A62122244DA6F8000EC9D3 /* Resources */,
			);
			buildRules = (
			);
			dependencies = (
			);
			name = SideDish;
			productName = SideDish;
			productReference = 44A62124244DA6F8000EC9D3 /* SideDish.app */;
			productType = "com.apple.product-type.application";
		};
/* End PBXNativeTarget section */

/* Begin PBXProject section */
		44A6211C244DA6F8000EC9D3 /* Project object */ = {
			isa = PBXProject;
			attributes = {
				LastSwiftUpdateCheck = 1130;
				LastUpgradeCheck = 1130;
				ORGANIZATIONNAME = TTOzzi;
				TargetAttributes = {
					44A62123244DA6F8000EC9D3 = {
						CreatedOnToolsVersion = 11.3.1;
					};
				};
			};
			buildConfigurationList = 44A6211F244DA6F8000EC9D3 /* Build configuration list for PBXProject "SideDish" */;
			compatibilityVersion = "Xcode 9.3";
			developmentRegion = en;
			hasScannedForEncodings = 0;
			knownRegions = (
				en,
				Base,
			);
			mainGroup = 44A6211B244DA6F8000EC9D3;
			productRefGroup = 44A62125244DA6F8000EC9D3 /* Products */;
			projectDirPath = "";
			projectRoot = "";
			targets = (
				44A62123244DA6F8000EC9D3 /* SideDish */,
			);
		};
/* End PBXProject section */

/* Begin PBXResourcesBuildPhase section */
		44A62122244DA6F8000EC9D3 /* Resources */ = {
			isa = PBXResourcesBuildPhase;
			buildActionMask = 2147483647;
			files = (
				44A62134244DA6F9000EC9D3 /* LaunchScreen.storyboard in Resources */,
				44A62131244DA6F9000EC9D3 /* Assets.xcassets in Resources */,
				44A6212F244DA6F8000EC9D3 /* Main.storyboard in Resources */,
			);
			runOnlyForDeploymentPostprocessing = 0;
		};
/* End PBXResourcesBuildPhase section */

/* Begin PBXSourcesBuildPhase section */
		44A62120244DA6F8000EC9D3 /* Sources */ = {
			isa = PBXSourcesBuildPhase;
			buildActionMask = 2147483647;
			files = (
				444927532458297400B8F1D5 /* DetailStackView.swift in Sources */,
				44DE3E4924506F9E007C5AA8 /* NetworkManager.swift in Sources */,
				44129A352454941700A4A6E7 /* ImageFileManager.swift in Sources */,
				444927512458295B00B8F1D5 /* PreviewScrollView.swift in Sources */,
				44DE3E4B2451D232007C5AA8 /* DataManager.swift in Sources */,
				44129A3C245719BC00A4A6E7 /* WebViewController.swift in Sources */,
				44A6212C244DA6F8000EC9D3 /* MainViewController.swift in Sources */,
				44528304244F23ED0077384D /* DescriptionViewController.swift in Sources */,
				44A62128244DA6F8000EC9D3 /* AppDelegate.swift in Sources */,
				445282FC244EE7BD0077384D /* MenuTableViewCell.swift in Sources */,
				44DE3E4F2451E22A007C5AA8 /* PriceLabel.swift in Sources */,
				44C5AB10244DD63A00011691 /* KeywordLabel.swift in Sources */,
				4449274F2458016D00B8F1D5 /* BadgeStackView.swift in Sources */,
				44C5AB14244DD68B00011691 /* MenuSectionHeader.swift in Sources */,
				44DE3E4724506BD1007C5AA8 /* SideDish.swift in Sources */,
				4460EE7824533F9700EECE13 /* SideDishUseCase.swift in Sources */,
				44A6212A244DA6F8000EC9D3 /* SceneDelegate.swift in Sources */,
				44129A4024573F9B00A4A6E7 /* LoginButton.swift in Sources */,
				44DE3E4D2451E0BF007C5AA8 /* MenuTableViewDataSource.swift in Sources */,
			);
			runOnlyForDeploymentPostprocessing = 0;
		};
/* End PBXSourcesBuildPhase section */

/* Begin PBXVariantGroup section */
		44A6212D244DA6F8000EC9D3 /* Main.storyboard */ = {
			isa = PBXVariantGroup;
			children = (
				44A6212E244DA6F8000EC9D3 /* Base */,
			);
			name = Main.storyboard;
			sourceTree = "<group>";
		};
		44A62132244DA6F9000EC9D3 /* LaunchScreen.storyboard */ = {
			isa = PBXVariantGroup;
			children = (
				44A62133244DA6F9000EC9D3 /* Base */,
			);
			name = LaunchScreen.storyboard;
			sourceTree = "<group>";
		};
/* End PBXVariantGroup section */

/* Begin XCBuildConfiguration section */
		44A62136244DA6F9000EC9D3 /* Debug */ = {
			isa = XCBuildConfiguration;
			buildSettings = {
				ALWAYS_SEARCH_USER_PATHS = NO;
				CLANG_ANALYZER_NONNULL = YES;
				CLANG_ANALYZER_NUMBER_OBJECT_CONVERSION = YES_AGGRESSIVE;
				CLANG_CXX_LANGUAGE_STANDARD = "gnu++14";
				CLANG_CXX_LIBRARY = "libc++";
				CLANG_ENABLE_MODULES = YES;
				CLANG_ENABLE_OBJC_ARC = YES;
				CLANG_ENABLE_OBJC_WEAK = YES;
				CLANG_WARN_BLOCK_CAPTURE_AUTORELEASING = YES;
				CLANG_WARN_BOOL_CONVERSION = YES;
				CLANG_WARN_COMMA = YES;
				CLANG_WARN_CONSTANT_CONVERSION = YES;
				CLANG_WARN_DEPRECATED_OBJC_IMPLEMENTATIONS = YES;
				CLANG_WARN_DIRECT_OBJC_ISA_USAGE = YES_ERROR;
				CLANG_WARN_DOCUMENTATION_COMMENTS = YES;
				CLANG_WARN_EMPTY_BODY = YES;
				CLANG_WARN_ENUM_CONVERSION = YES;
				CLANG_WARN_INFINITE_RECURSION = YES;
				CLANG_WARN_INT_CONVERSION = YES;
				CLANG_WARN_NON_LITERAL_NULL_CONVERSION = YES;
				CLANG_WARN_OBJC_IMPLICIT_RETAIN_SELF = YES;
				CLANG_WARN_OBJC_LITERAL_CONVERSION = YES;
				CLANG_WARN_OBJC_ROOT_CLASS = YES_ERROR;
				CLANG_WARN_RANGE_LOOP_ANALYSIS = YES;
				CLANG_WARN_STRICT_PROTOTYPES = YES;
				CLANG_WARN_SUSPICIOUS_MOVE = YES;
				CLANG_WARN_UNGUARDED_AVAILABILITY = YES_AGGRESSIVE;
				CLANG_WARN_UNREACHABLE_CODE = YES;
				CLANG_WARN__DUPLICATE_METHOD_MATCH = YES;
				COPY_PHASE_STRIP = NO;
				DEBUG_INFORMATION_FORMAT = dwarf;
				ENABLE_STRICT_OBJC_MSGSEND = YES;
				ENABLE_TESTABILITY = YES;
				GCC_C_LANGUAGE_STANDARD = gnu11;
				GCC_DYNAMIC_NO_PIC = NO;
				GCC_NO_COMMON_BLOCKS = YES;
				GCC_OPTIMIZATION_LEVEL = 0;
				GCC_PREPROCESSOR_DEFINITIONS = (
					"DEBUG=1",
					"$(inherited)",
				);
				GCC_WARN_64_TO_32_BIT_CONVERSION = YES;
				GCC_WARN_ABOUT_RETURN_TYPE = YES_ERROR;
				GCC_WARN_UNDECLARED_SELECTOR = YES;
				GCC_WARN_UNINITIALIZED_AUTOS = YES_AGGRESSIVE;
				GCC_WARN_UNUSED_FUNCTION = YES;
				GCC_WARN_UNUSED_VARIABLE = YES;
				IPHONEOS_DEPLOYMENT_TARGET = 13.2;
				MTL_ENABLE_DEBUG_INFO = INCLUDE_SOURCE;
				MTL_FAST_MATH = YES;
				ONLY_ACTIVE_ARCH = YES;
				SDKROOT = iphoneos;
				SWIFT_ACTIVE_COMPILATION_CONDITIONS = DEBUG;
				SWIFT_OPTIMIZATION_LEVEL = "-Onone";
			};
			name = Debug;
		};
		44A62137244DA6F9000EC9D3 /* Release */ = {
			isa = XCBuildConfiguration;
			buildSettings = {
				ALWAYS_SEARCH_USER_PATHS = NO;
				CLANG_ANALYZER_NONNULL = YES;
				CLANG_ANALYZER_NUMBER_OBJECT_CONVERSION = YES_AGGRESSIVE;
				CLANG_CXX_LANGUAGE_STANDARD = "gnu++14";
				CLANG_CXX_LIBRARY = "libc++";
				CLANG_ENABLE_MODULES = YES;
				CLANG_ENABLE_OBJC_ARC = YES;
				CLANG_ENABLE_OBJC_WEAK = YES;
				CLANG_WARN_BLOCK_CAPTURE_AUTORELEASING = YES;
				CLANG_WARN_BOOL_CONVERSION = YES;
				CLANG_WARN_COMMA = YES;
				CLANG_WARN_CONSTANT_CONVERSION = YES;
				CLANG_WARN_DEPRECATED_OBJC_IMPLEMENTATIONS = YES;
				CLANG_WARN_DIRECT_OBJC_ISA_USAGE = YES_ERROR;
				CLANG_WARN_DOCUMENTATION_COMMENTS = YES;
				CLANG_WARN_EMPTY_BODY = YES;
				CLANG_WARN_ENUM_CONVERSION = YES;
				CLANG_WARN_INFINITE_RECURSION = YES;
				CLANG_WARN_INT_CONVERSION = YES;
				CLANG_WARN_NON_LITERAL_NULL_CONVERSION = YES;
				CLANG_WARN_OBJC_IMPLICIT_RETAIN_SELF = YES;
				CLANG_WARN_OBJC_LITERAL_CONVERSION = YES;
				CLANG_WARN_OBJC_ROOT_CLASS = YES_ERROR;
				CLANG_WARN_RANGE_LOOP_ANALYSIS = YES;
				CLANG_WARN_STRICT_PROTOTYPES = YES;
				CLANG_WARN_SUSPICIOUS_MOVE = YES;
				CLANG_WARN_UNGUARDED_AVAILABILITY = YES_AGGRESSIVE;
				CLANG_WARN_UNREACHABLE_CODE = YES;
				CLANG_WARN__DUPLICATE_METHOD_MATCH = YES;
				COPY_PHASE_STRIP = NO;
				DEBUG_INFORMATION_FORMAT = "dwarf-with-dsym";
				ENABLE_NS_ASSERTIONS = NO;
				ENABLE_STRICT_OBJC_MSGSEND = YES;
				GCC_C_LANGUAGE_STANDARD = gnu11;
				GCC_NO_COMMON_BLOCKS = YES;
				GCC_WARN_64_TO_32_BIT_CONVERSION = YES;
				GCC_WARN_ABOUT_RETURN_TYPE = YES_ERROR;
				GCC_WARN_UNDECLARED_SELECTOR = YES;
				GCC_WARN_UNINITIALIZED_AUTOS = YES_AGGRESSIVE;
				GCC_WARN_UNUSED_FUNCTION = YES;
				GCC_WARN_UNUSED_VARIABLE = YES;
				IPHONEOS_DEPLOYMENT_TARGET = 13.2;
				MTL_ENABLE_DEBUG_INFO = NO;
				MTL_FAST_MATH = YES;
				SDKROOT = iphoneos;
				SWIFT_COMPILATION_MODE = wholemodule;
				SWIFT_OPTIMIZATION_LEVEL = "-O";
				VALIDATE_PRODUCT = YES;
			};
			name = Release;
		};
		44A62139244DA6F9000EC9D3 /* Debug */ = {
			isa = XCBuildConfiguration;
			buildSettings = {
				ASSETCATALOG_COMPILER_APPICON_NAME = AppIcon;
				CODE_SIGN_STYLE = Automatic;
				DEVELOPMENT_TEAM = 52LA5XMGV3;
				INFOPLIST_FILE = SideDish/Info.plist;
				LD_RUNPATH_SEARCH_PATHS = (
					"$(inherited)",
					"@executable_path/Frameworks",
				);
				PRODUCT_BUNDLE_IDENTIFIER = com.ttozzi.SideDish;
				PRODUCT_NAME = "$(TARGET_NAME)";
				SWIFT_VERSION = 5.0;
				TARGETED_DEVICE_FAMILY = "1,2";
			};
			name = Debug;
		};
		44A6213A244DA6F9000EC9D3 /* Release */ = {
			isa = XCBuildConfiguration;
			buildSettings = {
				ASSETCATALOG_COMPILER_APPICON_NAME = AppIcon;
				CODE_SIGN_STYLE = Automatic;
				DEVELOPMENT_TEAM = 52LA5XMGV3;
				INFOPLIST_FILE = SideDish/Info.plist;
				LD_RUNPATH_SEARCH_PATHS = (
					"$(inherited)",
					"@executable_path/Frameworks",
				);
				PRODUCT_BUNDLE_IDENTIFIER = com.ttozzi.SideDish;
				PRODUCT_NAME = "$(TARGET_NAME)";
				SWIFT_VERSION = 5.0;
				TARGETED_DEVICE_FAMILY = "1,2";
			};
			name = Release;
		};
/* End XCBuildConfiguration section */

/* Begin XCConfigurationList section */
		44A6211F244DA6F8000EC9D3 /* Build configuration list for PBXProject "SideDish" */ = {
			isa = XCConfigurationList;
			buildConfigurations = (
				44A62136244DA6F9000EC9D3 /* Debug */,
				44A62137244DA6F9000EC9D3 /* Release */,
			);
			defaultConfigurationIsVisible = 0;
			defaultConfigurationName = Release;
		};
		44A62138244DA6F9000EC9D3 /* Build configuration list for PBXNativeTarget "SideDish" */ = {
			isa = XCConfigurationList;
			buildConfigurations = (
				44A62139244DA6F9000EC9D3 /* Debug */,
				44A6213A244DA6F9000EC9D3 /* Release */,
			);
			defaultConfigurationIsVisible = 0;
			defaultConfigurationName = Release;
		};
/* End XCConfigurationList section */
	};
	rootObject = 44A6211C244DA6F8000EC9D3 /* Project object */;
}
